{
  "requires": true,
  "lockfileVersion": 1,
  "dependencies": {
    "mdb-ui-kit": {
      "version": "1.0.0-alpha3",
      "resolved": "https://registry.npmjs.org/mdb-ui-kit/-/mdb-ui-kit-1.0.0-alpha3.tgz",
      "integrity": "sha512-5x+Q4l5prEjdoPpbSJyWCFL9qAUcLSKog2/MbXWBbHtVzijIsKk89aFj+r8BS7yH2PvX7/JMQy4Uc/1vs94/CQ=="
    }
  }
}
